
Microsoft Visual Studio Solution File, Format Version 11.00
# Visual Studio 2010
Project("{FAE04EC0-301F-11D3-BF4B-00C04F79EFBC}") = "Arx.DocSearch", "Arx.DocSearch\Arx.DocSearch.csproj", "{2611C76D-8497-4EDF-8A31-456DF6630056}"
EndProject
Project("{FAE04EC0-301F-11D3-BF4B-00C04F79EFBC}") = "Arx.DocSearch.MultiCore", "Arx.DocSearch.MultiCore\Arx.DocSearch.MultiCore.csproj", "{6FEE9A5A-75EC-4BF2-9C69-8BD97AE96F86}"
EndProject
Project("{FAE04EC0-301F-11D3-BF4B-00C04F79EFBC}") = "Arx.DocSearch.Client", "Arx.DocSearch.Client\Arx.DocSearch.Client.csproj", "{2272908E-7823-4A36-9A7E-FE341CE2AF31}"
EndProject
Project("{FAE04EC0-301F-11D3-BF4B-00C04F79EFBC}") = "Arx.DocSearch.Agent", "Arx.DocSearch.Agent\Arx.DocSearch.Agent.csproj", "{D95EAFA0-3BD2-40F7-8DAB-A6E8F129B0BB}"
EndProject
Project("{FAE04EC0-301F-11D3-BF4B-00C04F79EFBC}") = "Arx.DocSearch.Util", "Arx.DocSearch.Util\Arx.DocSearch.Util.csproj", "{E026592A-E9E4-424F-9F6F-1ED85554630C}"
EndProject
Global
	GlobalSection(SolutionConfigurationPlatforms) = preSolution
		Debug|Any CPU = Debug|Any CPU
		Debug|Mixed Platforms = Debug|Mixed Platforms
		Debug|x86 = Debug|x86
		Release|Any CPU = Release|Any CPU
		Release|Mixed Platforms = Release|Mixed Platforms
		Release|x86 = Release|x86
	EndGlobalSection
	GlobalSection(ProjectConfigurationPlatforms) = postSolution
		{2611C76D-8497-4EDF-8A31-456DF6630056}.Debug|Any CPU.ActiveCfg = Debug|x86
		{2611C76D-8497-4EDF-8A31-456DF6630056}.Debug|Mixed Platforms.ActiveCfg = Debug|x86
		{2611C76D-8497-4EDF-8A31-456DF6630056}.Debug|Mixed Platforms.Build.0 = Debug|x86
		{2611C76D-8497-4EDF-8A31-456DF6630056}.Debug|x86.ActiveCfg = Debug|x86
		{2611C76D-8497-4EDF-8A31-456DF6630056}.Debug|x86.Build.0 = Debug|x86
		{2611C76D-8497-4EDF-8A31-456DF6630056}.Release|Any CPU.ActiveCfg = Release|x86
		{2611C76D-8497-4EDF-8A31-456DF6630056}.Release|Mixed Platforms.ActiveCfg = Release|x86
		{2611C76D-8497-4EDF-8A31-456DF6630056}.Release|Mixed Platforms.Build.0 = Release|x86
		{2611C76D-8497-4EDF-8A31-456DF6630056}.Release|x86.ActiveCfg = Release|x86
		{2611C76D-8497-4EDF-8A31-456DF6630056}.Release|x86.Build.0 = Release|x86
		{6FEE9A5A-75EC-4BF2-9C69-8BD97AE96F86}.Debug|Any CPU.ActiveCfg = Debug|x86
		{6FEE9A5A-75EC-4BF2-9C69-8BD97AE96F86}.Debug|Mixed Platforms.ActiveCfg = Debug|x86
		{6FEE9A5A-75EC-4BF2-9C69-8BD97AE96F86}.Debug|Mixed Platforms.Build.0 = Debug|x86
		{6FEE9A5A-75EC-4BF2-9C69-8BD97AE96F86}.Debug|x86.ActiveCfg = Debug|x86
		{6FEE9A5A-75EC-4BF2-9C69-8BD97AE96F86}.Debug|x86.Build.0 = Debug|x86
		{6FEE9A5A-75EC-4BF2-9C69-8BD97AE96F86}.Release|Any CPU.ActiveCfg = Release|x86
		{6FEE9A5A-75EC-4BF2-9C69-8BD97AE96F86}.Release|Mixed Platforms.ActiveCfg = Release|x86
		{6FEE9A5A-75EC-4BF2-9C69-8BD97AE96F86}.Release|Mixed Platforms.Build.0 = Release|x86
		{6FEE9A5A-75EC-4BF2-9C69-8BD97AE96F86}.Release|x86.ActiveCfg = Release|x86
		{6FEE9A5A-75EC-4BF2-9C69-8BD97AE96F86}.Release|x86.Build.0 = Release|x86
		{2272908E-7823-4A36-9A7E-FE341CE2AF31}.Debug|Any CPU.ActiveCfg = Debug|x86
		{2272908E-7823-4A36-9A7E-FE341CE2AF31}.Debug|Mixed Platforms.ActiveCfg = Debug|x86
		{2272908E-7823-4A36-9A7E-FE341CE2AF31}.Debug|Mixed Platforms.Build.0 = Debug|x86
		{2272908E-7823-4A36-9A7E-FE341CE2AF31}.Debug|x86.ActiveCfg = Debug|x86
		{2272908E-7823-4A36-9A7E-FE341CE2AF31}.Debug|x86.Build.0 = Debug|x86
		{2272908E-7823-4A36-9A7E-FE341CE2AF31}.Release|Any CPU.ActiveCfg = Release|x86
		{2272908E-7823-4A36-9A7E-FE341CE2AF31}.Release|Mixed Platforms.ActiveCfg = Release|x86
		{2272908E-7823-4A36-9A7E-FE341CE2AF31}.Release|Mixed Platforms.Build.0 = Release|x86
		{2272908E-7823-4A36-9A7E-FE341CE2AF31}.Release|x86.ActiveCfg = Release|x86
		{2272908E-7823-4A36-9A7E-FE341CE2AF31}.Release|x86.Build.0 = Release|x86
		{D95EAFA0-3BD2-40F7-8DAB-A6E8F129B0BB}.Debug|Any CPU.ActiveCfg = Debug|x86
		{D95EAFA0-3BD2-40F7-8DAB-A6E8F129B0BB}.Debug|Mixed Platforms.ActiveCfg = Debug|x86
		{D95EAFA0-3BD2-40F7-8DAB-A6E8F129B0BB}.Debug|Mixed Platforms.Build.0 = Debug|x86
		{D95EAFA0-3BD2-40F7-8DAB-A6E8F129B0BB}.Debug|x86.ActiveCfg = Debug|x86
		{D95EAFA0-3BD2-40F7-8DAB-A6E8F129B0BB}.Debug|x86.Build.0 = Debug|x86
		{D95EAFA0-3BD2-40F7-8DAB-A6E8F129B0BB}.Release|Any CPU.ActiveCfg = Release|x86
		{D95EAFA0-3BD2-40F7-8DAB-A6E8F129B0BB}.Release|Mixed Platforms.ActiveCfg = Release|x86
		{D95EAFA0-3BD2-40F7-8DAB-A6E8F129B0BB}.Release|Mixed Platforms.Build.0 = Release|x86
		{D95EAFA0-3BD2-40F7-8DAB-A6E8F129B0BB}.Release|x86.ActiveCfg = Release|x86
		{D95EAFA0-3BD2-40F7-8DAB-A6E8F129B0BB}.Release|x86.Build.0 = Release|x86
		{E026592A-E9E4-424F-9F6F-1ED85554630C}.Debug|Any CPU.ActiveCfg = Debug|Any CPU
		{E026592A-E9E4-424F-9F6F-1ED85554630C}.Debug|Any CPU.Build.0 = Debug|Any CPU
		{E026592A-E9E4-424F-9F6F-1ED85554630C}.Debug|Mixed Platforms.ActiveCfg = Debug|Any CPU
		{E026592A-E9E4-424F-9F6F-1ED85554630C}.Debug|Mixed Platforms.Build.0 = Debug|Any CPU
		{E026592A-E9E4-424F-9F6F-1ED85554630C}.Debug|x86.ActiveCfg = Debug|Any CPU
		{E026592A-E9E4-424F-9F6F-1ED85554630C}.Release|Any CPU.ActiveCfg = Release|Any CPU
		{E026592A-E9E4-424F-9F6F-1ED85554630C}.Release|Any CPU.Build.0 = Release|Any CPU
		{E026592A-E9E4-424F-9F6F-1ED85554630C}.Release|Mixed Platforms.ActiveCfg = Release|Any CPU
		{E026592A-E9E4-424F-9F6F-1ED85554630C}.Release|Mixed Platforms.Build.0 = Release|Any CPU
		{E026592A-E9E4-424F-9F6F-1ED85554630C}.Release|x86.ActiveCfg = Release|Any CPU
	EndGlobalSection
	GlobalSection(SolutionProperties) = preSolution
		HideSolutionNode = FALSE
	EndGlobalSection
EndGlobal
